{
  "nodes": {
    "configFile": {
      "flake": false,
      "locked": {
        "lastModified": 1,
        "narHash": "sha256-ay4Au6YRKybRE1eetxlf4eCCt4uRUCf3LoL/MpkO+10=",
        "path": "./Nix/include/sample.nix",
        "type": "path"
      },
      "original": {
        "path": "./Nix/include/sample.nix",
        "type": "path"
      }
    },
    "nixpkgs": {
      "locked": {
        "lastModified": 1735651292,
        "narHash": "sha256-YLbzcBtYo1/FEzFsB3AnM16qFc6fWPMIoOuSoDwvg9g=",
        "owner": "nixos",
        "repo": "nixpkgs",
        "rev": "0da3c44a9460a26d2025ec3ed2ec60a895eb1114",
        "type": "github"
      },
      "original": {
        "owner": "nixos",
        "ref": "release-24.05",
        "repo": "nixpkgs",
        "type": "github"
      }
    },
    "oceanix": {
      "inputs": {
        "nixpkgs": [
          "nixpkgs"
        ],
        "utils": [
          "utils"
        ]
      },
      "locked": {
        "lastModified": 1769156541,
        "narHash": "sha256-VvTVPivb0TwVXclRDP/pNysDQ+llxofHEGAryZVEmoo=",
        "owner": "null2264",
        "repo": "oceanix",
        "rev": "d12d89097dc6c58538ceef83782c6cfd48c2370a",
        "type": "github"
      },
      "original": {
        "owner": "null2264",
        "repo": "oceanix",
        "type": "github"
      }
    },
    "root": {
      "inputs": {
        "configFile": "configFile",
        "nixpkgs": "nixpkgs",
        "oceanix": "oceanix",
        "utils": "utils"
      }
    },
    "systems": {
      "locked": {
        "lastModified": 1681028828,
        "narHash": "sha256-Vy1rq5AaRuLzOxct8nz4T6wlgyUR7zLU309k9mBC768=",
        "owner": "nix-systems",
        "repo": "default",
        "rev": "da67096a3b9bf56a91d16901293e51ba5b49a27e",
        "type": "github"
      },
      "original": {
        "owner": "nix-systems",
        "repo": "default",
        "type": "github"
      }
    },
    "utils": {
      "inputs": {
        "systems": "systems"
      },
      "locked": {
        "lastModified": 1731533236,
        "narHash": "sha256-l0KFg5HjrsfsO/JpG+r7fRrqm12kzFHyUHqHCVpMMbI=",
        "owner": "numtide",
        "repo": "flake-utils",
        "rev": "11707dc2f618dd54ca8739b309ec4fc024de578b",
        "type": "github"
      },
      "original": {
        "owner": "numtide",
        "repo": "flake-utils",
        "type": "github"
      }
    }
  },
  "root": "root",
  "version": 7
}
